{
  "name": "void-wiki",
  "version": "1.0.0",
  "lockfileVersion": 2,
  "requires": true,
  "packages": {
    "": {
      "name": "void-wiki",
      "version": "1.0.0",
      "license": "MIT",
      "dependencies": {
        "@iarna/toml": "^2.2.5",
        "void-logger": "^1.0.1"
      }
    },
    "node_modules/@iarna/toml": {
      "version": "2.2.5",
      "resolved": "https://registry.npmjs.org/@iarna/toml/-/toml-2.2.5.tgz",
      "integrity": "sha512-trnsAYxU3xnS1gPHPyU961coFyLkh4gAD/0zQ5mymY4yOZ+CYvsPqUbOFSw0aDM4y0tV7tiFxL/1XfXPNC6IPg=="
    },
    "node_modules/void-logger": {
      "version": "1.0.1",
      "resolved": "https://registry.npmjs.org/void-logger/-/void-logger-1.0.1.tgz",
      "integrity": "sha512-jUodAIdY/NJ7qrtKxU9jeYOoIyovy++vzDLRNziRcbgdQ9R54ZRPLoTiDebtfD6dwLqhcV11XLrbbNwG4y0+Ag=="
    }
  },
  "dependencies": {
    "@iarna/toml": {
      "version": "2.2.5",
      "resolved": "https://registry.npmjs.org/@iarna/toml/-/toml-2.2.5.tgz",
      "integrity": "sha512-trnsAYxU3xnS1gPHPyU961coFyLkh4gAD/0zQ5mymY4yOZ+CYvsPqUbOFSw0aDM4y0tV7tiFxL/1XfXPNC6IPg=="
    },
    "void-logger": {
      "version": "1.0.1",
      "resolved": "https://registry.npmjs.org/void-logger/-/void-logger-1.0.1.tgz",
      "integrity": "sha512-jUodAIdY/NJ7qrtKxU9jeYOoIyovy++vzDLRNziRcbgdQ9R54ZRPLoTiDebtfD6dwLqhcV11XLrbbNwG4y0+Ag=="
    }
  }
}
